<?xml version="1.0" encoding="UTF-8" standalone="yes" ?>
<CodeBlocks_project_file>
	<FileVersion major="1" minor="6" />
	<Project>
		<Option title="Marwa" />
		<Option pch_mode="2" />
		<Option compiler="gcc" />
		<Build>
			<Target title="Debug">
				<Option output="bin/Debug/Marwa" prefix_auto="1" extension_auto="1" />
				<Option object_output="obj/Debug/" />
				<Option type="1" />
				<Option compiler="gcc" />
				<Option projectCompilerOptionsRelation="2" />
				<Option projectLinkerOptionsRelation="2" />
				<Compiler>
					<Add option="-g" />
					<Add directory="SFML/include" />
				</Compiler>
				<Linker>
					<Add library="sfml-graphics-s-d" />
					<Add library="sfml-window-s-d" />
					<Add library="sfml-system-s-d" />
					<Add directory="SFML/lib" />
				</Linker>
			</Target>
			<Target title="Release">
				<Option output="bin/Release/Marwa" prefix_auto="1" extension_auto="1" />
				<Option object_output="obj/Release/" />
				<Option type="1" />
				<Option compiler="gcc" />
				<Option projectCompilerOptionsRelation="2" />
				<Option projectLinkerOptionsRelation="2" />
				<Compiler>
					<Add option="-O2" />
					<Add directory="SFML/include" />
				</Compiler>
				<Linker>
					<Add option="-s" />
					<Add library="sfml-graphics-s" />
					<Add library="sfml-window-s" />
					<Add library="sfml-system-s" />
					<Add directory="SFML/lib" />
				</Linker>
			</Target>
		</Build>
		<Compiler>
			<Add option="-Wall" />
			<Add option="-DSFML_STATIC" />
			<Add directory="E:/SFML-2.5.1/include" />
		</Compiler>
		<Linker>
			<Add library="opengl32" />
			<Add library="freetype" />
			<Add library="gdi32" />
			<Add library="winmm" />
			<Add directory="E:/SFML-2.5.1/lib" />
		</Linker>
		<Unit filename="entities.cpp" />
		<Unit filename="entities.h" />
		<Unit filename="keyflag.cpp" />
		<Unit filename="keyflag.h" />
		<Unit filename="main.cpp" />
		<Unit filename="sensor_data.cpp" />
		<Unit filename="sensor_data.h" />
		<Unit filename="support_lib.cpp" />
		<Unit filename="support_lib.h" />
		<Unit filename="vector2d.cpp" />
		<Unit filename="vector2d.h" />
		<Unit filename="world.cpp" />
		<Unit filename="world.h" />
		<Unit filename="zoom.cpp" />
		<Unit filename="zoom.h" />
		<Extensions />
	</Project>
</CodeBlocks_project_file>
